
Microsoft Visual Studio Solution File, Format Version 12.00
# Visual Studio Version 17
VisualStudioVersion = 17.8.34330.188
MinimumVisualStudioVersion = 10.0.40219.1
Project("{FAE04EC0-301F-11D3-BF4B-00C04F79EFBC}") = "Login", "Login.csproj", "{955633D1-B566-46A7-98B5-E5701954B280}"
EndProject
Global
	GlobalSection(SolutionConfigurationPlatforms) = preSolution
		Debug|Any CPU = Debug|Any CPU
		Release|Any CPU = Release|Any CPU
	EndGlobalSection
	GlobalSection(ProjectConfigurationPlatforms) = postSolution
		{955633D1-B566-46A7-98B5-E5701954B280}.Debug|Any CPU.ActiveCfg = Debug|Any CPU
		{955633D1-B566-46A7-98B5-E5701954B280}.Debug|Any CPU.Build.0 = Debug|Any CPU
		{955633D1-B566-46A7-98B5-E5701954B280}.Release|Any CPU.ActiveCfg = Release|Any CPU
		{955633D1-B566-46A7-98B5-E5701954B280}.Release|Any CPU.Build.0 = Release|Any CPU
	EndGlobalSection
	GlobalSection(SolutionProperties) = preSolution
		HideSolutionNode = FALSE
	EndGlobalSection
	GlobalSection(ExtensibilityGlobals) = postSolution
		SolutionGuid = {CBEC8F24-396E-4112-940B-ADE229EECF4F}
	EndGlobalSection
EndGlobal
